{
  "version": "5",
  "redirects": {
    "https://esm.sh/@noble/ed25519@^1.7.0?target=denonext": "https://esm.sh/@noble/ed25519@1.7.5?target=denonext",
    "https://esm.sh/@noble/hashes@^1.1.2/hmac?target=denonext": "https://esm.sh/@noble/hashes@1.8.0/hmac?target=denonext",
    "https://esm.sh/@noble/hashes@^1.1.2/sha256?target=denonext": "https://esm.sh/@noble/hashes@1.8.0/sha256?target=denonext",
    "https://esm.sh/@noble/hashes@^1.1.2/sha3?target=denonext": "https://esm.sh/@noble/hashes@1.8.0/sha3?target=denonext",
    "https://esm.sh/@noble/hashes@^1.1.2/sha512?target=denonext": "https://esm.sh/@noble/hashes@1.8.0/sha512?target=denonext",
    "https://esm.sh/@noble/secp256k1@^1.6.3?target=denonext": "https://esm.sh/@noble/secp256k1@1.7.2?target=denonext",
    "https://esm.sh/@solana/buffer-layout@^4.0.0?target=denonext": "https://esm.sh/@solana/buffer-layout@4.0.1?target=denonext",
    "https://esm.sh/base-x@^3.0.2?target=denonext": "https://esm.sh/base-x@3.0.11?target=denonext",
    "https://esm.sh/bigint-buffer@^1.1.5?target=denonext": "https://esm.sh/bigint-buffer@1.1.5?target=denonext",
    "https://esm.sh/bindings@^1.3.0?target=denonext": "https://esm.sh/bindings@1.5.0?target=denonext",
    "https://esm.sh/bn.js@^5.0.0?target=denonext": "https://esm.sh/bn.js@5.2.3?target=denonext",
    "https://esm.sh/bn.js@^5.2.0?target=denonext": "https://esm.sh/bn.js@5.2.3?target=denonext",
    "https://esm.sh/borsh@^0.7.0?target=denonext": "https://esm.sh/borsh@0.7.0?target=denonext",
    "https://esm.sh/bs58@^4.0.0?target=denonext": "https://esm.sh/bs58@4.0.1?target=denonext",
    "https://esm.sh/bs58@^4.0.1?target=denonext": "https://esm.sh/bs58@4.0.1?target=denonext",
    "https://esm.sh/bufferutil@^4.0.1?target=denonext": "https://esm.sh/bufferutil@4.1.0?target=denonext",
    "https://esm.sh/eventemitter3@^4.0.7?target=denonext": "https://esm.sh/eventemitter3@4.0.7?target=denonext",
    "https://esm.sh/jayson@^3.4.4/lib/client/browser?target=denonext": "https://esm.sh/jayson@3.7.0/lib/client/browser?target=denonext",
    "https://esm.sh/node-gyp-build@^4.3.0?target=denonext": "https://esm.sh/node-gyp-build@4.8.4?target=denonext",
    "https://esm.sh/rpc-websockets@^7.5.0?target=denonext": "https://esm.sh/rpc-websockets@7.11.2?target=denonext",
    "https://esm.sh/safe-buffer@^5.0.1?target=denonext": "https://esm.sh/safe-buffer@5.2.1?target=denonext",
    "https://esm.sh/superstruct@^0.14.2?target=denonext": "https://esm.sh/superstruct@0.14.2?target=denonext",
    "https://esm.sh/text-encoding-utf-8@^1.0.2?target=denonext": "https://esm.sh/text-encoding-utf-8@1.0.2?target=denonext",
    "https://esm.sh/utf-8-validate@%3E=5.0.2?target=denonext": "https://esm.sh/utf-8-validate@6.0.6?target=denonext",
    "https://esm.sh/uuid@^8.3.2?target=denonext": "https://esm.sh/uuid@8.3.2?target=denonext",
    "https://esm.sh/ws@^8.5.0?target=denonext": "https://esm.sh/ws@8.19.0?target=denonext"
  },
  "remote": {
    "https://deno.land/std@0.168.0/async/abortable.ts": "80b2ac399f142cc528f95a037a7d0e653296352d95c681e284533765961de409",
    "https://deno.land/std@0.168.0/async/deadline.ts": "2c2deb53c7c28ca1dda7a3ad81e70508b1ebc25db52559de6b8636c9278fd41f",
    "https://deno.land/std@0.168.0/async/debounce.ts": "60301ffb37e730cd2d6f9dadfd0ecb2a38857681bd7aaf6b0a106b06e5210a98",
    "https://deno.land/std@0.168.0/async/deferred.ts": "77d3f84255c3627f1cc88699d8472b664d7635990d5358c4351623e098e917d6",
    "https://deno.land/std@0.168.0/async/delay.ts": "5a9bfba8de38840308a7a33786a0155a7f6c1f7a859558ddcec5fe06e16daf57",
    "https://deno.land/std@0.168.0/async/mod.ts": "7809ad4bb223e40f5fdc043e5c7ca04e0e25eed35c32c3c32e28697c553fa6d9",
    "https://deno.land/std@0.168.0/async/mux_async_iterator.ts": "770a0ff26c59f8bbbda6b703a2235f04e379f73238e8d66a087edc68c2a2c35f",
    "https://deno.land/std@0.168.0/async/pool.ts": "6854d8cd675a74c73391c82005cbbe4cc58183bddcd1fbbd7c2bcda42b61cf69",
    "https://deno.land/std@0.168.0/async/retry.ts": "e8e5173623915bbc0ddc537698fa418cf875456c347eda1ed453528645b42e67",
    "https://deno.land/std@0.168.0/async/tee.ts": "3a47cc4e9a940904fd4341f0224907e199121c80b831faa5ec2b054c6d2eff5e",
    "https://deno.land/std@0.168.0/http/server.ts": "e99c1bee8a3f6571ee4cdeb2966efad465b8f6fe62bec1bdb59c1f007cc4d155",
    "https://esm.sh/@noble/ed25519@1.7.5/denonext/ed25519.mjs": "53085665256cbff1785487acd16f3382b25113c75b40a7a3d9212b42fdc8c552",
    "https://esm.sh/@noble/ed25519@1.7.5?target=denonext": "6958f0693ff0590fa6a52e2df869e8afe650d993e527bf78fc16801e44f36208",
    "https://esm.sh/@noble/hashes@1.8.0/denonext/_md.mjs": "e30debbd8e964d8bd4ae9c807c75601e3ef7ec73eaed005f703709f64a4b2257",
    "https://esm.sh/@noble/hashes@1.8.0/denonext/crypto.mjs": "cabc4468470c6f6d15891c4a6037aebed19289e1a12eb9905c5579c26767a721",
    "https://esm.sh/@noble/hashes@1.8.0/denonext/esm/_u64.mjs": "6282b7bcd11b7aad271b5507cca4209ce5cf1de8b5504d21b670e365a0ad04b0",
    "https://esm.sh/@noble/hashes@1.8.0/denonext/hmac.mjs": "f6e5f679509f87084ebfc0e0334a8ce28788cf94868a61807420618dfc392325",
    "https://esm.sh/@noble/hashes@1.8.0/denonext/sha2.mjs": "c0581dc7c760dc2835f9faa22a5612f0db25bd9a824bb4312c09a7d223799c63",
    "https://esm.sh/@noble/hashes@1.8.0/denonext/sha256.mjs": "43f16ee7a29cabde4a66d24226da441240f587dc34c568661a1b3f392fda177a",
    "https://esm.sh/@noble/hashes@1.8.0/denonext/sha3.mjs": "c28d76f7c321cb07b4a63d9f35e3f598cee4553f1721ee46e17b2ea6f162a467",
    "https://esm.sh/@noble/hashes@1.8.0/denonext/sha512.mjs": "3251ae54c553f618280e1d9e7bb82b4b16390a9cf09938a389ca0c10f1b1b74e",
    "https://esm.sh/@noble/hashes@1.8.0/denonext/utils.mjs": "18b15a49e98c9e136e4bfcdce69b9461630b7dc3389ba932f535ad4a47221b08",
    "https://esm.sh/@noble/hashes@1.8.0/hmac?target=denonext": "5c9d655d107588eed7301bb7b5e9a8aca303e3e52af88cd323f0564d994f685c",
    "https://esm.sh/@noble/hashes@1.8.0/sha256?target=denonext": "1804d21efec0beea92617d60ab84cd45d16d58bc709830df4da1be95a8fc69fc",
    "https://esm.sh/@noble/hashes@1.8.0/sha3?target=denonext": "a7a17807f28322f417e9c6e372d3adf996fa7c5f88edf2a10f3be3f1623688e1",
    "https://esm.sh/@noble/hashes@1.8.0/sha512?target=denonext": "3e136c6f8c10ddf5540b668c05d60d65ab2a388153f419ce82755d337216de99",
    "https://esm.sh/@noble/secp256k1@1.7.2/denonext/secp256k1.mjs": "46be1e92212200c97135d037c7cb3a72c1cebd4eabd0d86110a50d1d0cc270b2",
    "https://esm.sh/@noble/secp256k1@1.7.2?target=denonext": "e8a49c74704a23b90d8deab17c010940ea13f844deb88d2a18d566a631458bbd",
    "https://esm.sh/@solana/buffer-layout@4.0.1/denonext/buffer-layout.mjs": "97ecd0153c27511377073a83659fb002a00b9bcc418f846fc254d59b959d9098",
    "https://esm.sh/@solana/buffer-layout@4.0.1?target=denonext": "b6949f6f6de76fca1542653f57c9c417f7c16d4141ed40463baf4c4bd01a1f2f",
    "https://esm.sh/@solana/web3.js@1.73.0": "306ee5d4016a3e01fa5840e7d851527b8a83ebfdd5a8cfaac093ad7b940ce0d6",
    "https://esm.sh/@solana/web3.js@1.73.0/denonext/web3.mjs": "e963e2855294a05736ead7150452ce742c4e363577db6b165ade2e4d59bc3423",
    "https://esm.sh/base-x@3.0.11/denonext/base-x.mjs": "02c3f56caa78d7e71f593ecf0b582950da811af6d4c0c1d89df8d368803a852c",
    "https://esm.sh/base-x@3.0.11?target=denonext": "36b1b75fdccb9b4c7aafc830c2b9b3f3384caaa37e5a5474d396a73d96bf0074",
    "https://esm.sh/bigint-buffer@1.1.5/denonext/bigint-buffer.mjs": "8baa6c66b8098ce3e175734bc76dc8ead14f5e9ac1d9137a85c632aa85c40cb3",
    "https://esm.sh/bigint-buffer@1.1.5?target=denonext": "b501374a0ca8e4f8e604b27a8d891c8a5a4972fc0d2966dbff80219c3106f6d5",
    "https://esm.sh/bindings@1.5.0/denonext/bindings.mjs": "e4cf60819f9cfbd005ba93a34174320c018173b505a1bcaf5431483b405b5558",
    "https://esm.sh/bindings@1.5.0?target=denonext": "9cff5cf649c297562fb16520ccdb9bcdb158a744112f187d41cdf5e7a1d92985",
    "https://esm.sh/bn.js@5.2.3/denonext/bn.mjs": "1a3e6e6533336fd47aef386bb1a16af5076c4b18eedebb2a4d819737056deaa0",
    "https://esm.sh/bn.js@5.2.3?target=denonext": "3eecdc0373e43b316ec3e2d693b8c871529bdb8cf57151ee57546d989ae6f507",
    "https://esm.sh/borsh@0.7.0/denonext/borsh.mjs": "c207f313d369edeafa1844ecfad9c451c729240f42e286f20a7b4865e37a4602",
    "https://esm.sh/borsh@0.7.0?target=denonext": "725edf1629cf95eef06dba32a351f12d63ee4dee147c47952f6d9c85e7cf0348",
    "https://esm.sh/bs58@4.0.1/denonext/bs58.mjs": "af340510fb29b2992660e910fec8b7b6fbf99f87bef867978a6734410a2b484e",
    "https://esm.sh/bs58@4.0.1?target=denonext": "741a1ee4b5b5b1b6db8f5223a290a39bb8130033179165efd19ef9f74b648e85",
    "https://esm.sh/bufferutil@4.1.0/denonext/bufferutil.mjs": "9b6e81087bdc57848ad1de1f8618ebbace98ebd9ff6cab51260b48c2a045a9c9",
    "https://esm.sh/bufferutil@4.1.0?target=denonext": "aaa2a112199593ccc40da1aedf5124779862ea166afb0a8529f04f907001428a",
    "https://esm.sh/eventemitter3@4.0.7/denonext/eventemitter3.mjs": "d26d8683d890f259d39cc334512a888d3079917477d7eb10c3cd3775831cdcc3",
    "https://esm.sh/eventemitter3@4.0.7?target=denonext": "84748b6b17ebdb58719651ec0b5e6f84e5923d97f43231c5835d74be6ce050f1",
    "https://esm.sh/file-uri-to-path@1.0.0/denonext/file-uri-to-path.mjs": "597a05ad6580b13ea58bdbc547ad2a47bd9cc5ba8ae9935dbfd270f84d97f286",
    "https://esm.sh/jayson@3.7.0/denonext/lib/client/browser.mjs": "12a7a07013a09f69f667cb0d42bdf121ca509347a92579a09a28f80de533a4ea",
    "https://esm.sh/jayson@3.7.0/lib/client/browser?target=denonext": "1f0871edbb06c7757790985660ff71f6d30e08eb2ec0f00bb72c6f638807f67e",
    "https://esm.sh/node-gyp-build@4.8.4/denonext/node-gyp-build.mjs": "9a86f2d044fc77bd60aaa3d697c2ba1b818da5fb1b9aaeedec59a40b8e908803",
    "https://esm.sh/node-gyp-build@4.8.4?target=denonext": "261a6cedf1fdbf159798141ba1e2311ac1510682c5c8b55dacc8cf5fdee4aa06",
    "https://esm.sh/rpc-websockets@7.11.2/denonext/rpc-websockets.mjs": "af2df38072755ac636739fc5db89ada1131867b856352636ad0c3450430b8999",
    "https://esm.sh/rpc-websockets@7.11.2?target=denonext": "a760cc9e6c481376c4c171c78172729fb8f9715591e53030fb4b8047fddf297a",
    "https://esm.sh/safe-buffer@5.2.1/denonext/safe-buffer.mjs": "51b088d69d0bbf6d7ce4179853887e105715df40e432a3bff0e9575cc2285276",
    "https://esm.sh/safe-buffer@5.2.1?target=denonext": "34028b9647c849fa96dfd3d9f217a3adca8b43b13409820ac3f43fb15eba3e20",
    "https://esm.sh/superstruct@0.14.2/denonext/superstruct.mjs": "2395337dd050b1f6a5b543b813e3142a01a3bb27df37a1cc441943fd12062fba",
    "https://esm.sh/superstruct@0.14.2?target=denonext": "c2942bbcd7d62b58b0ba29bc077376d9fc8446ef3b408e087b775f4f6065a8b7",
    "https://esm.sh/text-encoding-utf-8@1.0.2/denonext/text-encoding-utf-8.mjs": "ca69a616ba87cf16a282346dfe71b4cad31d8c6aeea1b59a84830ad3315b0a81",
    "https://esm.sh/text-encoding-utf-8@1.0.2?target=denonext": "cdfa4b5885394a850a34a7d57de25f4e906f31aff39ce4ef54af0ac88ea7e193",
    "https://esm.sh/tweetnacl@1.0.3": "278caeeeb136b538b5839595306abfe0ed8e0263a990a446fd30d89aaef9a8c5",
    "https://esm.sh/tweetnacl@1.0.3/denonext/tweetnacl.mjs": "71347ea6adf760e1378fe39edf421fcbb2c05c21816e6762c7ae425084143830",
    "https://esm.sh/utf-8-validate@6.0.6/denonext/utf-8-validate.mjs": "4a41983aa887625615f52a52b53c223d8f16c74e52a6bd41b2c361894c07f878",
    "https://esm.sh/utf-8-validate@6.0.6?target=denonext": "8afa4e097093160323f232f971ca61474d22ccafdac8025e4e4f66ab4e07b2c4",
    "https://esm.sh/uuid@8.3.2/denonext/uuid.mjs": "2a1f6d8cc7d16ed60b7e6aabcf79e0077244ffbd66b47c994041b15b13062cd3",
    "https://esm.sh/uuid@8.3.2?target=denonext": "b3f95c83a700f64bb21c0b138f56a4c28c338078a9ac8d7258b17c699caed85d",
    "https://esm.sh/ws@8.19.0/denonext/ws.mjs": "20159ebe457a6c0fdf9a80f10ab7cb73d0d7359e507c714f65eb9eadcc6ab9b2",
    "https://esm.sh/ws@8.19.0?target=denonext": "5754cf6636f02a4d1d3d9aaa9ebca9f6c08c121d3b3f0935dc2936b7a14c9453"
  },
  "workspace": {
    "packageJson": {
      "dependencies": [
        "npm:@coral-xyz/anchor@~0.32.1",
        "npm:@eslint/js@^9.39.1",
        "npm:@insforge/sdk@^1.1.5",
        "npm:@react-three/drei@^9.114.3",
        "npm:@react-three/fiber@^8.17.10",
        "npm:@react-three/postprocessing@^2.16.3",
        "npm:@solana/spl-token@~0.4.14",
        "npm:@solana/wallet-adapter-base@~0.9.23",
        "npm:@solana/wallet-adapter-react-ui@~0.9.35",
        "npm:@solana/wallet-adapter-react@~0.15.35",
        "npm:@solana/wallet-adapter-wallets@~0.19.32",
        "npm:@solana/web3.js@^1.98.0",
        "npm:@types/bs58@5",
        "npm:@types/node@^24.10.0",
        "npm:@types/react-dom@^18.3.0",
        "npm:@types/react@^18.3.3",
        "npm:@types/three@0.160",
        "npm:@vitejs/plugin-react@^5.1.0",
        "npm:autoprefixer@^10.4.20",
        "npm:bs58@6",
        "npm:clsx@^2.1.1",
        "npm:eslint-plugin-react-hooks@^7.0.1",
        "npm:eslint-plugin-react-refresh@~0.4.24",
        "npm:eslint@^9.39.1",
        "npm:framer-motion@^12.34.0",
        "npm:globals@^16.5.0",
        "npm:lucide-react@0.564",
        "npm:postcss@^8.4.49",
        "npm:react-dom@^18.3.1",
        "npm:react-router-dom@^7.13.0",
        "npm:react@^18.3.1",
        "npm:tailwind-merge@^3.4.0",
        "npm:tailwindcss@^3.4.15",
        "npm:three@0.160",
        "npm:typescript-eslint@^8.46.3",
        "npm:typescript@^5.9.3",
        "npm:vite-plugin-node-polyfills@0.25",
        "npm:vite@6"
      ]
    }
  }
}
